
Microsoft Visual Studio Solution File, Format Version 12.00
# Visual Studio 15
VisualStudioVersion = 15.0.26124.0
MinimumVisualStudioVersion = 15.0.26124.0
Project("{FAE04EC0-301F-11D3-BF4B-00C04F79EFBC}") = "SterlingDB", "SterlingDB\SterlingDB.csproj", "{3AB4D2F7-E418-4B74-A47E-79208404C539}"
EndProject
Project("{FAE04EC0-301F-11D3-BF4B-00C04F79EFBC}") = "SterlingDB.Server", "SterlingDB.Server\SterlingDB.Server.csproj", "{AB75640B-8C2D-4CC5-9C5F-405539FD40B1}"
EndProject
Project("{FAE04EC0-301F-11D3-BF4B-00C04F79EFBC}") = "SterlingDB.Tests", "SterlingDB.Tests\SterlingDB.Tests.csproj", "{0573A6D3-83AB-4B07-92E1-B3D8038ED3CD}"
EndProject
Global
	GlobalSection(SolutionConfigurationPlatforms) = preSolution
		Debug|Any CPU = Debug|Any CPU
		Debug|x64 = Debug|x64
		Debug|x86 = Debug|x86
		Release|Any CPU = Release|Any CPU
		Release|x64 = Release|x64
		Release|x86 = Release|x86
	EndGlobalSection
	GlobalSection(SolutionProperties) = preSolution
		HideSolutionNode = FALSE
	EndGlobalSection
	GlobalSection(ProjectConfigurationPlatforms) = postSolution
		{3AB4D2F7-E418-4B74-A47E-79208404C539}.Debug|Any CPU.ActiveCfg = Debug|Any CPU
		{3AB4D2F7-E418-4B74-A47E-79208404C539}.Debug|Any CPU.Build.0 = Debug|Any CPU
		{3AB4D2F7-E418-4B74-A47E-79208404C539}.Debug|x64.ActiveCfg = Debug|Any CPU
		{3AB4D2F7-E418-4B74-A47E-79208404C539}.Debug|x64.Build.0 = Debug|Any CPU
		{3AB4D2F7-E418-4B74-A47E-79208404C539}.Debug|x86.ActiveCfg = Debug|Any CPU
		{3AB4D2F7-E418-4B74-A47E-79208404C539}.Debug|x86.Build.0 = Debug|Any CPU
		{3AB4D2F7-E418-4B74-A47E-79208404C539}.Release|Any CPU.ActiveCfg = Release|Any CPU
		{3AB4D2F7-E418-4B74-A47E-79208404C539}.Release|Any CPU.Build.0 = Release|Any CPU
		{3AB4D2F7-E418-4B74-A47E-79208404C539}.Release|x64.ActiveCfg = Release|Any CPU
		{3AB4D2F7-E418-4B74-A47E-79208404C539}.Release|x64.Build.0 = Release|Any CPU
		{3AB4D2F7-E418-4B74-A47E-79208404C539}.Release|x86.ActiveCfg = Release|Any CPU
		{3AB4D2F7-E418-4B74-A47E-79208404C539}.Release|x86.Build.0 = Release|Any CPU
		{AB75640B-8C2D-4CC5-9C5F-405539FD40B1}.Debug|Any CPU.ActiveCfg = Debug|Any CPU
		{AB75640B-8C2D-4CC5-9C5F-405539FD40B1}.Debug|Any CPU.Build.0 = Debug|Any CPU
		{AB75640B-8C2D-4CC5-9C5F-405539FD40B1}.Debug|x64.ActiveCfg = Debug|Any CPU
		{AB75640B-8C2D-4CC5-9C5F-405539FD40B1}.Debug|x64.Build.0 = Debug|Any CPU
		{AB75640B-8C2D-4CC5-9C5F-405539FD40B1}.Debug|x86.ActiveCfg = Debug|Any CPU
		{AB75640B-8C2D-4CC5-9C5F-405539FD40B1}.Debug|x86.Build.0 = Debug|Any CPU
		{AB75640B-8C2D-4CC5-9C5F-405539FD40B1}.Release|Any CPU.ActiveCfg = Release|Any CPU
		{AB75640B-8C2D-4CC5-9C5F-405539FD40B1}.Release|Any CPU.Build.0 = Release|Any CPU
		{AB75640B-8C2D-4CC5-9C5F-405539FD40B1}.Release|x64.ActiveCfg = Release|Any CPU
		{AB75640B-8C2D-4CC5-9C5F-405539FD40B1}.Release|x64.Build.0 = Release|Any CPU
		{AB75640B-8C2D-4CC5-9C5F-405539FD40B1}.Release|x86.ActiveCfg = Release|Any CPU
		{AB75640B-8C2D-4CC5-9C5F-405539FD40B1}.Release|x86.Build.0 = Release|Any CPU
		{0573A6D3-83AB-4B07-92E1-B3D8038ED3CD}.Debug|Any CPU.ActiveCfg = Debug|Any CPU
		{0573A6D3-83AB-4B07-92E1-B3D8038ED3CD}.Debug|Any CPU.Build.0 = Debug|Any CPU
		{0573A6D3-83AB-4B07-92E1-B3D8038ED3CD}.Debug|x64.ActiveCfg = Debug|Any CPU
		{0573A6D3-83AB-4B07-92E1-B3D8038ED3CD}.Debug|x64.Build.0 = Debug|Any CPU
		{0573A6D3-83AB-4B07-92E1-B3D8038ED3CD}.Debug|x86.ActiveCfg = Debug|Any CPU
		{0573A6D3-83AB-4B07-92E1-B3D8038ED3CD}.Debug|x86.Build.0 = Debug|Any CPU
		{0573A6D3-83AB-4B07-92E1-B3D8038ED3CD}.Release|Any CPU.ActiveCfg = Release|Any CPU
		{0573A6D3-83AB-4B07-92E1-B3D8038ED3CD}.Release|Any CPU.Build.0 = Release|Any CPU
		{0573A6D3-83AB-4B07-92E1-B3D8038ED3CD}.Release|x64.ActiveCfg = Release|Any CPU
		{0573A6D3-83AB-4B07-92E1-B3D8038ED3CD}.Release|x64.Build.0 = Release|Any CPU
		{0573A6D3-83AB-4B07-92E1-B3D8038ED3CD}.Release|x86.ActiveCfg = Release|Any CPU
		{0573A6D3-83AB-4B07-92E1-B3D8038ED3CD}.Release|x86.Build.0 = Release|Any CPU
	EndGlobalSection
EndGlobal
